<Solution>
  <Project Path="LinuxInput/LinuxInput.csproj" />
  <Project Path="WebRemote.Models/WebRemote.Models.csproj" />
  <Project Path="WebRemote/WebRemote.csproj" />
  <Project Path="WebRemoteService/WebRemoteService.csproj" />
  <Project Path="WebSample/WebSample.csproj" />
  <Project Path="Windows.LocalWebRemote/Windows.LocalWebRemote.csproj" Id="638c63be-8d79-44a2-b812-3bc6f9e16c77" />
  <Project Path="WindowsInput/WindowsInputRemote.csproj" />
</Solution>
