Microsoft Visual Studio Solution File, Format Version 12.00
# Visual Studio Version 17
VisualStudioVersion = 17.5.2.0
MinimumVisualStudioVersion = 10.0.40219.1
Project("{FAE04EC0-301F-11D3-BF4B-00C04F79EFBC}") = "LinuxInput", "LinuxInput\LinuxInput.csproj", "{C35022B1-9D57-DD82-A215-AA693A36310C}"
EndProject
Project("{FAE04EC0-301F-11D3-BF4B-00C04F79EFBC}") = "LinuxMediaControl", "LinuxMediaControl\LinuxMediaControl.csproj", "{178A1416-F562-018A-A3D2-8D2CB2D1395F}"
EndProject
Project("{FAE04EC0-301F-11D3-BF4B-00C04F79EFBC}") = "WebRemote", "WebRemote\WebRemote.csproj", "{5704C798-EAAA-5C7D-2608-97514DC92443}"
EndProject
Project("{FAE04EC0-301F-11D3-BF4B-00C04F79EFBC}") = "WebRemote.Models", "WebRemote.Models\WebRemote.Models.csproj", "{C5667D65-6849-524E-D5E1-00AF80244135}"
EndProject
Project("{FAE04EC0-301F-11D3-BF4B-00C04F79EFBC}") = "WebSample", "WebSample\WebSample.csproj", "{DBAF4D37-B744-8F32-8555-CCD1463D60D7}"
EndProject
Project("{FAE04EC0-301F-11D3-BF4B-00C04F79EFBC}") = "WebRemoteService", "WebRemoteService\WebRemoteService.csproj", "{8028AB65-E612-B066-C38A-439F522DDCAF}"
EndProject
Global
	GlobalSection(SolutionConfigurationPlatforms) = preSolution
		Debug|Any CPU = Debug|Any CPU
		Release|Any CPU = Release|Any CPU
	EndGlobalSection
	GlobalSection(ProjectConfigurationPlatforms) = postSolution
		{C35022B1-9D57-DD82-A215-AA693A36310C}.Debug|Any CPU.ActiveCfg = Debug|Any CPU
		{C35022B1-9D57-DD82-A215-AA693A36310C}.Debug|Any CPU.Build.0 = Debug|Any CPU
		{C35022B1-9D57-DD82-A215-AA693A36310C}.Release|Any CPU.ActiveCfg = Release|Any CPU
		{C35022B1-9D57-DD82-A215-AA693A36310C}.Release|Any CPU.Build.0 = Release|Any CPU
		{178A1416-F562-018A-A3D2-8D2CB2D1395F}.Debug|Any CPU.ActiveCfg = Debug|Any CPU
		{178A1416-F562-018A-A3D2-8D2CB2D1395F}.Debug|Any CPU.Build.0 = Debug|Any CPU
		{178A1416-F562-018A-A3D2-8D2CB2D1395F}.Release|Any CPU.ActiveCfg = Release|Any CPU
		{178A1416-F562-018A-A3D2-8D2CB2D1395F}.Release|Any CPU.Build.0 = Release|Any CPU
		{5704C798-EAAA-5C7D-2608-97514DC92443}.Debug|Any CPU.ActiveCfg = Debug|Any CPU
		{5704C798-EAAA-5C7D-2608-97514DC92443}.Debug|Any CPU.Build.0 = Debug|Any CPU
		{5704C798-EAAA-5C7D-2608-97514DC92443}.Release|Any CPU.ActiveCfg = Release|Any CPU
		{5704C798-EAAA-5C7D-2608-97514DC92443}.Release|Any CPU.Build.0 = Release|Any CPU
		{C5667D65-6849-524E-D5E1-00AF80244135}.Debug|Any CPU.ActiveCfg = Debug|Any CPU
		{C5667D65-6849-524E-D5E1-00AF80244135}.Debug|Any CPU.Build.0 = Debug|Any CPU
		{C5667D65-6849-524E-D5E1-00AF80244135}.Release|Any CPU.ActiveCfg = Release|Any CPU
		{C5667D65-6849-524E-D5E1-00AF80244135}.Release|Any CPU.Build.0 = Release|Any CPU
		{DBAF4D37-B744-8F32-8555-CCD1463D60D7}.Debug|Any CPU.ActiveCfg = Debug|Any CPU
		{DBAF4D37-B744-8F32-8555-CCD1463D60D7}.Debug|Any CPU.Build.0 = Debug|Any CPU
		{DBAF4D37-B744-8F32-8555-CCD1463D60D7}.Release|Any CPU.ActiveCfg = Release|Any CPU
		{DBAF4D37-B744-8F32-8555-CCD1463D60D7}.Release|Any CPU.Build.0 = Release|Any CPU
		{8028AB65-E612-B066-C38A-439F522DDCAF}.Debug|Any CPU.ActiveCfg = Debug|Any CPU
		{8028AB65-E612-B066-C38A-439F522DDCAF}.Debug|Any CPU.Build.0 = Debug|Any CPU
		{8028AB65-E612-B066-C38A-439F522DDCAF}.Release|Any CPU.ActiveCfg = Release|Any CPU
		{8028AB65-E612-B066-C38A-439F522DDCAF}.Release|Any CPU.Build.0 = Release|Any CPU
	EndGlobalSection
	GlobalSection(SolutionProperties) = preSolution
		HideSolutionNode = FALSE
	EndGlobalSection
	GlobalSection(ExtensibilityGlobals) = postSolution
		SolutionGuid = {F5A404D7-66D6-4935-BE04-EDC5D1F39AD8}
	EndGlobalSection
EndGlobal
